
Microsoft Visual Studio Solution File, Format Version 12.00
# Visual Studio Version 17
VisualStudioVersion = 17.8.34322.80
MinimumVisualStudioVersion = 10.0.40219.1
Project("{9A19103F-16F7-4668-BE54-9A1E7A4F7556}") = "IntegrationTests", "IntegrationTests\IntegrationTests.csproj", "{B919BD62-0543-49F4-9B50-EED159CB0397}"
EndProject
Project("{FAE04EC0-301F-11D3-BF4B-00C04F79EFBC}") = "Infrastructure", "Infrastructure\Infrastructure.csproj", "{D2F5DC96-5850-4C29-842E-DAE8EDA4E16D}"
EndProject
Global
	GlobalSection(SolutionConfigurationPlatforms) = preSolution
		Debug|Any CPU = Debug|Any CPU
		Release|Any CPU = Release|Any CPU
	EndGlobalSection
	GlobalSection(ProjectConfigurationPlatforms) = postSolution
		{B919BD62-0543-49F4-9B50-EED159CB0397}.Debug|Any CPU.ActiveCfg = Debug|Any CPU
		{B919BD62-0543-49F4-9B50-EED159CB0397}.Debug|Any CPU.Build.0 = Debug|Any CPU
		{B919BD62-0543-49F4-9B50-EED159CB0397}.Release|Any CPU.ActiveCfg = Release|Any CPU
		{B919BD62-0543-49F4-9B50-EED159CB0397}.Release|Any CPU.Build.0 = Release|Any CPU
		{D2F5DC96-5850-4C29-842E-DAE8EDA4E16D}.Debug|Any CPU.ActiveCfg = Debug|Any CPU
		{D2F5DC96-5850-4C29-842E-DAE8EDA4E16D}.Debug|Any CPU.Build.0 = Debug|Any CPU
		{D2F5DC96-5850-4C29-842E-DAE8EDA4E16D}.Release|Any CPU.ActiveCfg = Release|Any CPU
		{D2F5DC96-5850-4C29-842E-DAE8EDA4E16D}.Release|Any CPU.Build.0 = Release|Any CPU
	EndGlobalSection
	GlobalSection(SolutionProperties) = preSolution
		HideSolutionNode = FALSE
	EndGlobalSection
	GlobalSection(ExtensibilityGlobals) = postSolution
		SolutionGuid = {B70E7A3E-69D1-4062-82CB-1B9BE6EF50B0}
	EndGlobalSection
EndGlobal
